// !$*UTF8*$!
{
	archiveVersion = 1;
	classes = {
	};
	objectVersion = 56;
	objects = {

/* Begin PBXBuildFile section */
		13B8D2F52CD1F765006FD271 /* WeatherFetchApp.swift in Sources */ = {isa = PBXBuildFile; fileRef = 13B8D2F42CD1F765006FD271 /* WeatherFetchApp.swift */; };
		13B8D2F72CD1F765006FD271 /* WeatherView.swift in Sources */ = {isa = PBXBuildFile; fileRef = 13B8D2F62CD1F765006FD271 /* WeatherView.swift */; };
		13B8D2F92CD1F766006FD271 /* Assets.xcassets in Resources */ = {isa = PBXBuildFile; fileRef = 13B8D2F82CD1F766006FD271 /* Assets.xcassets */; };
		13B8D2FC2CD1F766006FD271 /* Preview Assets.xcassets in Resources */ = {isa = PBXBuildFile; fileRef = 13B8D2FB2CD1F766006FD271 /* Preview Assets.xcassets */; };
		13B8D3062CD1F766006FD271 /* WeatherViewModelTests.swift in Sources */ = {isa = PBXBuildFile; fileRef = 13B8D3052CD1F766006FD271 /* WeatherViewModelTests.swift */; };
		13B8D3262CD1F921006FD271 /* Weather.swift in Sources */ = {isa = PBXBuildFile; fileRef = 13B8D3252CD1F921006FD271 /* Weather.swift */; };
		13B8D3282CD1F93A006FD271 /* WeatherViewController.swift in Sources */ = {isa = PBXBuildFile; fileRef = 13B8D3272CD1F93A006FD271 /* WeatherViewController.swift */; };
		13B8D32A2CD1F955006FD271 /* WeatherViewModel.swift in Sources */ = {isa = PBXBuildFile; fileRef = 13B8D3292CD1F955006FD271 /* WeatherViewModel.swift */; };
		13B8D32C2CD1F960006FD271 /* WeatherCoordinator.swift in Sources */ = {isa = PBXBuildFile; fileRef = 13B8D32B2CD1F960006FD271 /* WeatherCoordinator.swift */; };
		13B8D32E2CD1F96D006FD271 /* WeatherService.swift in Sources */ = {isa = PBXBuildFile; fileRef = 13B8D32D2CD1F96D006FD271 /* WeatherService.swift */; };
		13B8D3302CD1F974006FD271 /* LocationManager.swift in Sources */ = {isa = PBXBuildFile; fileRef = 13B8D32F2CD1F974006FD271 /* LocationManager.swift */; };
		13B8D36C2CD21103006FD271 /* WeatherServiceProtocol.swift in Sources */ = {isa = PBXBuildFile; fileRef = 13B8D36B2CD21103006FD271 /* WeatherServiceProtocol.swift */; };
/* End PBXBuildFile section */

/* Begin PBXContainerItemProxy section */
		13B8D3022CD1F766006FD271 /* PBXContainerItemProxy */ = {
			isa = PBXContainerItemProxy;
			containerPortal = 13B8D2E92CD1F765006FD271 /* Project object */;
			proxyType = 1;
			remoteGlobalIDString = 13B8D2F02CD1F765006FD271;
			remoteInfo = WeatherFetch;
		};
		13B8D30C2CD1F766006FD271 /* PBXContainerItemProxy */ = {
			isa = PBXContainerItemProxy;
			containerPortal = 13B8D2E92CD1F765006FD271 /* Project object */;
			proxyType = 1;
			remoteGlobalIDString = 13B8D2F02CD1F765006FD271;
			remoteInfo = WeatherFetch;
		};
/* End PBXContainerItemProxy section */

/* Begin PBXFileReference section */
		13B8D2F12CD1F765006FD271 /* WeatherFetch.app */ = {isa = PBXFileReference; explicitFileType = wrapper.application; includeInIndex = 0; path = WeatherFetch.app; sourceTree = BUILT_PRODUCTS_DIR; };
		13B8D2F42CD1F765006FD271 /* WeatherFetchApp.swift */ = {isa = PBXFileReference; lastKnownFileType = sourcecode.swift; path = WeatherFetchApp.swift; sourceTree = "<group>"; };
		13B8D2F62CD1F765006FD271 /* WeatherView.swift */ = {isa = PBXFileReference; lastKnownFileType = sourcecode.swift; path = WeatherView.swift; sourceTree = "<group>"; };
		13B8D2F82CD1F766006FD271 /* Assets.xcassets */ = {isa = PBXFileReference; lastKnownFileType = folder.assetcatalog; path = Assets.xcassets; sourceTree = "<group>"; };
		13B8D2FB2CD1F766006FD271 /* Preview Assets.xcassets */ = {isa = PBXFileReference; lastKnownFileType = folder.assetcatalog; path = "Preview Assets.xcassets"; sourceTree = "<group>"; };
		13B8D3012CD1F766006FD271 /* WeatherFetchTests.xctest */ = {isa = PBXFileReference; explicitFileType = wrapper.cfbundle; includeInIndex = 0; path = WeatherFetchTests.xctest; sourceTree = BUILT_PRODUCTS_DIR; };
		13B8D3052CD1F766006FD271 /* WeatherViewModelTests.swift */ = {isa = PBXFileReference; lastKnownFileType = sourcecode.swift; path = WeatherViewModelTests.swift; sourceTree = "<group>"; };
		13B8D30B2CD1F766006FD271 /* WeatherFetchUITests.xctest */ = {isa = PBXFileReference; explicitFileType = wrapper.cfbundle; includeInIndex = 0; path = WeatherFetchUITests.xctest; sourceTree = BUILT_PRODUCTS_DIR; };
		13B8D3252CD1F921006FD271 /* Weather.swift */ = {isa = PBXFileReference; fileEncoding = 4; lastKnownFileType = sourcecode.swift; path = Weather.swift; sourceTree = "<group>"; };
		13B8D3272CD1F93A006FD271 /* WeatherViewController.swift */ = {isa = PBXFileReference; fileEncoding = 4; lastKnownFileType = sourcecode.swift; path = WeatherViewController.swift; sourceTree = "<group>"; };
		13B8D3292CD1F955006FD271 /* WeatherViewModel.swift */ = {isa = PBXFileReference; fileEncoding = 4; lastKnownFileType = sourcecode.swift; path = WeatherViewModel.swift; sourceTree = "<group>"; };
		13B8D32B2CD1F960006FD271 /* WeatherCoordinator.swift */ = {isa = PBXFileReference; fileEncoding = 4; lastKnownFileType = sourcecode.swift; path = WeatherCoordinator.swift; sourceTree = "<group>"; };
		13B8D32D2CD1F96D006FD271 /* WeatherService.swift */ = {isa = PBXFileReference; fileEncoding = 4; lastKnownFileType = sourcecode.swift; path = WeatherService.swift; sourceTree = "<group>"; };
		13B8D32F2CD1F974006FD271 /* LocationManager.swift */ = {isa = PBXFileReference; fileEncoding = 4; lastKnownFileType = sourcecode.swift; path = LocationManager.swift; sourceTree = "<group>"; };
		13B8D3312CD1F9DC006FD271 /* Info.plist */ = {isa = PBXFileReference; lastKnownFileType = text.plist; path = Info.plist; sourceTree = "<group>"; };
		13B8D36B2CD21103006FD271 /* WeatherServiceProtocol.swift */ = {isa = PBXFileReference; lastKnownFileType = sourcecode.swift; path = WeatherServiceProtocol.swift; sourceTree = "<group>"; };
/* End PBXFileReference section */

/* Begin PBXFrameworksBuildPhase section */
		13B8D2EE2CD1F765006FD271 /* Frameworks */ = {
			isa = PBXFrameworksBuildPhase;
			buildActionMask = 2147483647;
			files = (
			);
			runOnlyForDeploymentPostprocessing = 0;
		};
		13B8D2FE2CD1F766006FD271 /* Frameworks */ = {
			isa = PBXFrameworksBuildPhase;
			buildActionMask = 2147483647;
			files = (
			);
			runOnlyForDeploymentPostprocessing = 0;
		};
		13B8D3082CD1F766006FD271 /* Frameworks */ = {
			isa = PBXFrameworksBuildPhase;
			buildActionMask = 2147483647;
			files = (
			);
			runOnlyForDeploymentPostprocessing = 0;
		};
/* End PBXFrameworksBuildPhase section */

/* Begin PBXGroup section */
		13B8D2E82CD1F765006FD271 = {
			isa = PBXGroup;
			children = (
				13B8D2F32CD1F765006FD271 /* WeatherFetch */,
				13B8D3042CD1F766006FD271 /* Test */,
				13B8D2F22CD1F765006FD271 /* Products */,
			);
			sourceTree = "<group>";
		};
		13B8D2F22CD1F765006FD271 /* Products */ = {
			isa = PBXGroup;
			children = (
				13B8D2F12CD1F765006FD271 /* WeatherFetch.app */,
				13B8D3012CD1F766006FD271 /* WeatherFetchTests.xctest */,
				13B8D30B2CD1F766006FD271 /* WeatherFetchUITests.xctest */,
			);
			name = Products;
			sourceTree = "<group>";
		};
		13B8D2F32CD1F765006FD271 /* WeatherFetch */ = {
			isa = PBXGroup;
			children = (
				13B8D3312CD1F9DC006FD271 /* Info.plist */,
				13B8D3242CD1F83C006FD271 /* App */,
				13B8D3232CD1F838006FD271 /* Models */,
				13B8D3222CD1F830006FD271 /* Views */,
				13B8D3212CD1F828006FD271 /* ViewModels */,
				13B8D3202CD1F818006FD271 /* Coordinators */,
				13B8D31F2CD1F80E006FD271 /* Services */,
				13B8D31E2CD1F808006FD271 /* Resources */,
				13B8D2FA2CD1F766006FD271 /* Preview Content */,
			);
			path = WeatherFetch;
			sourceTree = "<group>";
		};
		13B8D2FA2CD1F766006FD271 /* Preview Content */ = {
			isa = PBXGroup;
			children = (
				13B8D2FB2CD1F766006FD271 /* Preview Assets.xcassets */,
			);
			path = "Preview Content";
			sourceTree = "<group>";
		};
		13B8D3042CD1F766006FD271 /* Test */ = {
			isa = PBXGroup;
			children = (
				13B8D3052CD1F766006FD271 /* WeatherViewModelTests.swift */,
			);
			path = Test;
			sourceTree = "<group>";
		};
		13B8D31E2CD1F808006FD271 /* Resources */ = {
			isa = PBXGroup;
			children = (
				13B8D2F82CD1F766006FD271 /* Assets.xcassets */,
			);
			path = Resources;
			sourceTree = "<group>";
		};
		13B8D31F2CD1F80E006FD271 /* Services */ = {
			isa = PBXGroup;
			children = (
				13B8D32D2CD1F96D006FD271 /* WeatherService.swift */,
				13B8D32F2CD1F974006FD271 /* LocationManager.swift */,
				13B8D36B2CD21103006FD271 /* WeatherServiceProtocol.swift */,
			);
			path = Services;
			sourceTree = "<group>";
		};
		13B8D3202CD1F818006FD271 /* Coordinators */ = {
			isa = PBXGroup;
			children = (
				13B8D32B2CD1F960006FD271 /* WeatherCoordinator.swift */,
			);
			path = Coordinators;
			sourceTree = "<group>";
		};
		13B8D3212CD1F828006FD271 /* ViewModels */ = {
			isa = PBXGroup;
			children = (
				13B8D3292CD1F955006FD271 /* WeatherViewModel.swift */,
			);
			path = ViewModels;
			sourceTree = "<group>";
		};
		13B8D3222CD1F830006FD271 /* Views */ = {
			isa = PBXGroup;
			children = (
				13B8D2F62CD1F765006FD271 /* WeatherView.swift */,
				13B8D3272CD1F93A006FD271 /* WeatherViewController.swift */,
			);
			path = Views;
			sourceTree = "<group>";
		};
		13B8D3232CD1F838006FD271 /* Models */ = {
			isa = PBXGroup;
			children = (
				13B8D3252CD1F921006FD271 /* Weather.swift */,
			);
			path = Models;
			sourceTree = "<group>";
		};
		13B8D3242CD1F83C006FD271 /* App */ = {
			isa = PBXGroup;
			children = (
				13B8D2F42CD1F765006FD271 /* WeatherFetchApp.swift */,
			);
			path = App;
			sourceTree = "<group>";
		};
/* End PBXGroup section */

/* Begin PBXNativeTarget section */
		13B8D2F02CD1F765006FD271 /* WeatherFetch */ = {
			isa = PBXNativeTarget;
			buildConfigurationList = 13B8D3152CD1F766006FD271 /* Build configuration list for PBXNativeTarget "WeatherFetch" */;
			buildPhases = (
				13B8D2ED2CD1F765006FD271 /* Sources */,
				13B8D2EE2CD1F765006FD271 /* Frameworks */,
				13B8D2EF2CD1F765006FD271 /* Resources */,
			);
			buildRules = (
			);
			dependencies = (
			);
			name = WeatherFetch;
			productName = WeatherFetch;
			productReference = 13B8D2F12CD1F765006FD271 /* WeatherFetch.app */;
			productType = "com.apple.product-type.application";
		};
		13B8D3002CD1F766006FD271 /* WeatherFetchTests */ = {
			isa = PBXNativeTarget;
			buildConfigurationList = 13B8D3182CD1F766006FD271 /* Build configuration list for PBXNativeTarget "WeatherFetchTests" */;
			buildPhases = (
				13B8D2FD2CD1F766006FD271 /* Sources */,
				13B8D2FE2CD1F766006FD271 /* Frameworks */,
				13B8D2FF2CD1F766006FD271 /* Resources */,
			);
			buildRules = (
			);
			dependencies = (
				13B8D3032CD1F766006FD271 /* PBXTargetDependency */,
			);
			name = WeatherFetchTests;
			productName = WeatherFetchTests;
			productReference = 13B8D3012CD1F766006FD271 /* WeatherFetchTests.xctest */;
			productType = "com.apple.product-type.bundle.unit-test";
		};
		13B8D30A2CD1F766006FD271 /* WeatherFetchUITests */ = {
			isa = PBXNativeTarget;
			buildConfigurationList = 13B8D31B2CD1F766006FD271 /* Build configuration list for PBXNativeTarget "WeatherFetchUITests" */;
			buildPhases = (
				13B8D3072CD1F766006FD271 /* Sources */,
				13B8D3082CD1F766006FD271 /* Frameworks */,
				13B8D3092CD1F766006FD271 /* Resources */,
			);
			buildRules = (
			);
			dependencies = (
				13B8D30D2CD1F766006FD271 /* PBXTargetDependency */,
			);
			name = WeatherFetchUITests;
			productName = WeatherFetchUITests;
			productReference = 13B8D30B2CD1F766006FD271 /* WeatherFetchUITests.xctest */;
			productType = "com.apple.product-type.bundle.ui-testing";
		};
/* End PBXNativeTarget section */

/* Begin PBXProject section */
		13B8D2E92CD1F765006FD271 /* Project object */ = {
			isa = PBXProject;
			attributes = {
				BuildIndependentTargetsInParallel = 1;
				LastSwiftUpdateCheck = 1420;
				LastUpgradeCheck = 1420;
				TargetAttributes = {
					13B8D2F02CD1F765006FD271 = {
						CreatedOnToolsVersion = 14.2;
					};
					13B8D3002CD1F766006FD271 = {
						CreatedOnToolsVersion = 14.2;
						TestTargetID = 13B8D2F02CD1F765006FD271;
					};
					13B8D30A2CD1F766006FD271 = {
						CreatedOnToolsVersion = 14.2;
						TestTargetID = 13B8D2F02CD1F765006FD271;
					};
				};
			};
			buildConfigurationList = 13B8D2EC2CD1F765006FD271 /* Build configuration list for PBXProject "WeatherFetch" */;
			compatibilityVersion = "Xcode 14.0";
			developmentRegion = en;
			hasScannedForEncodings = 0;
			knownRegions = (
				en,
				Base,
			);
			mainGroup = 13B8D2E82CD1F765006FD271;
			productRefGroup = 13B8D2F22CD1F765006FD271 /* Products */;
			projectDirPath = "";
			projectRoot = "";
			targets = (
				13B8D2F02CD1F765006FD271 /* WeatherFetch */,
				13B8D3002CD1F766006FD271 /* WeatherFetchTests */,
				13B8D30A2CD1F766006FD271 /* WeatherFetchUITests */,
			);
		};
/* End PBXProject section */

/* Begin PBXResourcesBuildPhase section */
		13B8D2EF2CD1F765006FD271 /* Resources */ = {
			isa = PBXResourcesBuildPhase;
			buildActionMask = 2147483647;
			files = (
				13B8D2FC2CD1F766006FD271 /* Preview Assets.xcassets in Resources */,
				13B8D2F92CD1F766006FD271 /* Assets.xcassets in Resources */,
			);
			runOnlyForDeploymentPostprocessing = 0;
		};
		13B8D2FF2CD1F766006FD271 /* Resources */ = {
			isa = PBXResourcesBuildPhase;
			buildActionMask = 2147483647;
			files = (
			);
			runOnlyForDeploymentPostprocessing = 0;
		};
		13B8D3092CD1F766006FD271 /* Resources */ = {
			isa = PBXResourcesBuildPhase;
			buildActionMask = 2147483647;
			files = (
			);
			runOnlyForDeploymentPostprocessing = 0;
		};
/* End PBXResourcesBuildPhase section */

/* Begin PBXSourcesBuildPhase section */
		13B8D2ED2CD1F765006FD271 /* Sources */ = {
			isa = PBXSourcesBuildPhase;
			buildActionMask = 2147483647;
			files = (
				13B8D32A2CD1F955006FD271 /* WeatherViewModel.swift in Sources */,
				13B8D2F72CD1F765006FD271 /* WeatherView.swift in Sources */,
				13B8D3282CD1F93A006FD271 /* WeatherViewController.swift in Sources */,
				13B8D3262CD1F921006FD271 /* Weather.swift in Sources */,
				13B8D3302CD1F974006FD271 /* LocationManager.swift in Sources */,
				13B8D2F52CD1F765006FD271 /* WeatherFetchApp.swift in Sources */,
				13B8D36C2CD21103006FD271 /* WeatherServiceProtocol.swift in Sources */,
				13B8D32C2CD1F960006FD271 /* WeatherCoordinator.swift in Sources */,
				13B8D32E2CD1F96D006FD271 /* WeatherService.swift in Sources */,
			);
			runOnlyForDeploymentPostprocessing = 0;
		};
		13B8D2FD2CD1F766006FD271 /* Sources */ = {
			isa = PBXSourcesBuildPhase;
			buildActionMask = 2147483647;
			files = (
				13B8D3062CD1F766006FD271 /* WeatherViewModelTests.swift in Sources */,
			);
			runOnlyForDeploymentPostprocessing = 0;
		};
		13B8D3072CD1F766006FD271 /* Sources */ = {
			isa = PBXSourcesBuildPhase;
			buildActionMask = 2147483647;
			files = (
			);
			runOnlyForDeploymentPostprocessing = 0;
		};
/* End PBXSourcesBuildPhase section */

/* Begin PBXTargetDependency section */
		13B8D3032CD1F766006FD271 /* PBXTargetDependency */ = {
			isa = PBXTargetDependency;
			target = 13B8D2F02CD1F765006FD271 /* WeatherFetch */;
			targetProxy = 13B8D3022CD1F766006FD271 /* PBXContainerItemProxy */;
		};
		13B8D30D2CD1F766006FD271 /* PBXTargetDependency */ = {
			isa = PBXTargetDependency;
			target = 13B8D2F02CD1F765006FD271 /* WeatherFetch */;
			targetProxy = 13B8D30C2CD1F766006FD271 /* PBXContainerItemProxy */;
		};
/* End PBXTargetDependency section */

/* Begin XCBuildConfiguration section */
		13B8D3132CD1F766006FD271 /* Debug */ = {
			isa = XCBuildConfiguration;
			buildSettings = {
				ALWAYS_SEARCH_USER_PATHS = NO;
				CLANG_ANALYZER_NONNULL = YES;
				CLANG_ANALYZER_NUMBER_OBJECT_CONVERSION = YES_AGGRESSIVE;
				CLANG_CXX_LANGUAGE_STANDARD = "gnu++20";
				CLANG_ENABLE_MODULES = YES;
				CLANG_ENABLE_OBJC_ARC = YES;
				CLANG_ENABLE_OBJC_WEAK = YES;
				CLANG_WARN_BLOCK_CAPTURE_AUTORELEASING = YES;
				CLANG_WARN_BOOL_CONVERSION = YES;
				CLANG_WARN_COMMA = YES;
				CLANG_WARN_CONSTANT_CONVERSION = YES;
				CLANG_WARN_DEPRECATED_OBJC_IMPLEMENTATIONS = YES;
				CLANG_WARN_DIRECT_OBJC_ISA_USAGE = YES_ERROR;
				CLANG_WARN_DOCUMENTATION_COMMENTS = YES;
				CLANG_WARN_EMPTY_BODY = YES;
				CLANG_WARN_ENUM_CONVERSION = YES;
				CLANG_WARN_INFINITE_RECURSION = YES;
				CLANG_WARN_INT_CONVERSION = YES;
				CLANG_WARN_NON_LITERAL_NULL_CONVERSION = YES;
				CLANG_WARN_OBJC_IMPLICIT_RETAIN_SELF = YES;
				CLANG_WARN_OBJC_LITERAL_CONVERSION = YES;
				CLANG_WARN_OBJC_ROOT_CLASS = YES_ERROR;
				CLANG_WARN_QUOTED_INCLUDE_IN_FRAMEWORK_HEADER = YES;
				CLANG_WARN_RANGE_LOOP_ANALYSIS = YES;
				CLANG_WARN_STRICT_PROTOTYPES = YES;
				CLANG_WARN_SUSPICIOUS_MOVE = YES;
				CLANG_WARN_UNGUARDED_AVAILABILITY = YES_AGGRESSIVE;
				CLANG_WARN_UNREACHABLE_CODE = YES;
				CLANG_WARN__DUPLICATE_METHOD_MATCH = YES;
				COPY_PHASE_STRIP = NO;
				DEBUG_INFORMATION_FORMAT = dwarf;
				ENABLE_STRICT_OBJC_MSGSEND = YES;
				ENABLE_TESTABILITY = YES;
				GCC_C_LANGUAGE_STANDARD = gnu11;
				GCC_DYNAMIC_NO_PIC = NO;
				GCC_NO_COMMON_BLOCKS = YES;
				GCC_OPTIMIZATION_LEVEL = 0;
				GCC_PREPROCESSOR_DEFINITIONS = (
					"DEBUG=1",
					"$(inherited)",
				);
				GCC_WARN_64_TO_32_BIT_CONVERSION = YES;
				GCC_WARN_ABOUT_RETURN_TYPE = YES_ERROR;
				GCC_WARN_UNDECLARED_SELECTOR = YES;
				GCC_WARN_UNINITIALIZED_AUTOS = YES_AGGRESSIVE;
				GCC_WARN_UNUSED_FUNCTION = YES;
				GCC_WARN_UNUSED_VARIABLE = YES;
				IPHONEOS_DEPLOYMENT_TARGET = 16.2;
				MTL_ENABLE_DEBUG_INFO = INCLUDE_SOURCE;
				MTL_FAST_MATH = YES;
				ONLY_ACTIVE_ARCH = YES;
				SDKROOT = iphoneos;
				SWIFT_ACTIVE_COMPILATION_CONDITIONS = DEBUG;
				SWIFT_OPTIMIZATION_LEVEL = "-Onone";
			};
			name = Debug;
		};
		13B8D3142CD1F766006FD271 /* Release */ = {
			isa = XCBuildConfiguration;
			buildSettings = {
				ALWAYS_SEARCH_USER_PATHS = NO;
				CLANG_ANALYZER_NONNULL = YES;
				CLANG_ANALYZER_NUMBER_OBJECT_CONVERSION = YES_AGGRESSIVE;
				CLANG_CXX_LANGUAGE_STANDARD = "gnu++20";
				CLANG_ENABLE_MODULES = YES;
				CLANG_ENABLE_OBJC_ARC = YES;
				CLANG_ENABLE_OBJC_WEAK = YES;
				CLANG_WARN_BLOCK_CAPTURE_AUTORELEASING = YES;
				CLANG_WARN_BOOL_CONVERSION = YES;
				CLANG_WARN_COMMA = YES;
				CLANG_WARN_CONSTANT_CONVERSION = YES;
				CLANG_WARN_DEPRECATED_OBJC_IMPLEMENTATIONS = YES;
				CLANG_WARN_DIRECT_OBJC_ISA_USAGE = YES_ERROR;
				CLANG_WARN_DOCUMENTATION_COMMENTS = YES;
				CLANG_WARN_EMPTY_BODY = YES;
				CLANG_WARN_ENUM_CONVERSION = YES;
				CLANG_WARN_INFINITE_RECURSION = YES;
				CLANG_WARN_INT_CONVERSION = YES;
				CLANG_WARN_NON_LITERAL_NULL_CONVERSION = YES;
				CLANG_WARN_OBJC_IMPLICIT_RETAIN_SELF = YES;
				CLANG_WARN_OBJC_LITERAL_CONVERSION = YES;
				CLANG_WARN_OBJC_ROOT_CLASS = YES_ERROR;
				CLANG_WARN_QUOTED_INCLUDE_IN_FRAMEWORK_HEADER = YES;
				CLANG_WARN_RANGE_LOOP_ANALYSIS = YES;
				CLANG_WARN_STRICT_PROTOTYPES = YES;
				CLANG_WARN_SUSPICIOUS_MOVE = YES;
				CLANG_WARN_UNGUARDED_AVAILABILITY = YES_AGGRESSIVE;
				CLANG_WARN_UNREACHABLE_CODE = YES;
				CLANG_WARN__DUPLICATE_METHOD_MATCH = YES;
				COPY_PHASE_STRIP = NO;
				DEBUG_INFORMATION_FORMAT = "dwarf-with-dsym";
				ENABLE_NS_ASSERTIONS = NO;
				ENABLE_STRICT_OBJC_MSGSEND = YES;
				GCC_C_LANGUAGE_STANDARD = gnu11;
				GCC_NO_COMMON_BLOCKS = YES;
				GCC_WARN_64_TO_32_BIT_CONVERSION = YES;
				GCC_WARN_ABOUT_RETURN_TYPE = YES_ERROR;
				GCC_WARN_UNDECLARED_SELECTOR = YES;
				GCC_WARN_UNINITIALIZED_AUTOS = YES_AGGRESSIVE;
				GCC_WARN_UNUSED_FUNCTION = YES;
				GCC_WARN_UNUSED_VARIABLE = YES;
				IPHONEOS_DEPLOYMENT_TARGET = 16.2;
				MTL_ENABLE_DEBUG_INFO = NO;
				MTL_FAST_MATH = YES;
				SDKROOT = iphoneos;
				SWIFT_COMPILATION_MODE = wholemodule;
				SWIFT_OPTIMIZATION_LEVEL = "-O";
				VALIDATE_PRODUCT = YES;
			};
			name = Release;
		};
		13B8D3162CD1F766006FD271 /* Debug */ = {
			isa = XCBuildConfiguration;
			buildSettings = {
				ASSETCATALOG_COMPILER_APPICON_NAME = AppIcon;
				ASSETCATALOG_COMPILER_GLOBAL_ACCENT_COLOR_NAME = AccentColor;
				CODE_SIGN_STYLE = Automatic;
				CURRENT_PROJECT_VERSION = 1;
				DEVELOPMENT_ASSET_PATHS = "\"WeatherFetch/Preview Content\"";
				DEVELOPMENT_TEAM = T94Y3NV5X8;
				ENABLE_PREVIEWS = YES;
				GENERATE_INFOPLIST_FILE = YES;
				INFOPLIST_FILE = WeatherFetch/Info.plist;
				INFOPLIST_KEY_UIApplicationSceneManifest_Generation = YES;
				INFOPLIST_KEY_UIApplicationSupportsIndirectInputEvents = YES;
				INFOPLIST_KEY_UILaunchScreen_Generation = YES;
				INFOPLIST_KEY_UISupportedInterfaceOrientations_iPad = "UIInterfaceOrientationPortrait UIInterfaceOrientationPortraitUpsideDown UIInterfaceOrientationLandscapeLeft UIInterfaceOrientationLandscapeRight";
				INFOPLIST_KEY_UISupportedInterfaceOrientations_iPhone = "UIInterfaceOrientationPortrait UIInterfaceOrientationLandscapeLeft UIInterfaceOrientationLandscapeRight";
				LD_RUNPATH_SEARCH_PATHS = (
					"$(inherited)",
					"@executable_path/Frameworks",
				);
				MARKETING_VERSION = 1.0;
				PRODUCT_BUNDLE_IDENTIFIER = AceEzra.WeatherFetch;
				PRODUCT_NAME = "$(TARGET_NAME)";
				SWIFT_EMIT_LOC_STRINGS = YES;
				SWIFT_VERSION = 5.0;
				TARGETED_DEVICE_FAMILY = "1,2";
			};
			name = Debug;
		};
		13B8D3172CD1F766006FD271 /* Release */ = {
			isa = XCBuildConfiguration;
			buildSettings = {
				ASSETCATALOG_COMPILER_APPICON_NAME = AppIcon;
				ASSETCATALOG_COMPILER_GLOBAL_ACCENT_COLOR_NAME = AccentColor;
				CODE_SIGN_STYLE = Automatic;
				CURRENT_PROJECT_VERSION = 1;
				DEVELOPMENT_ASSET_PATHS = "\"WeatherFetch/Preview Content\"";
				DEVELOPMENT_TEAM = T94Y3NV5X8;
				ENABLE_PREVIEWS = YES;
				GENERATE_INFOPLIST_FILE = YES;
				INFOPLIST_FILE = WeatherFetch/Info.plist;
				INFOPLIST_KEY_UIApplicationSceneManifest_Generation = YES;
				INFOPLIST_KEY_UIApplicationSupportsIndirectInputEvents = YES;
				INFOPLIST_KEY_UILaunchScreen_Generation = YES;
				INFOPLIST_KEY_UISupportedInterfaceOrientations_iPad = "UIInterfaceOrientationPortrait UIInterfaceOrientationPortraitUpsideDown UIInterfaceOrientationLandscapeLeft UIInterfaceOrientationLandscapeRight";
				INFOPLIST_KEY_UISupportedInterfaceOrientations_iPhone = "UIInterfaceOrientationPortrait UIInterfaceOrientationLandscapeLeft UIInterfaceOrientationLandscapeRight";
				LD_RUNPATH_SEARCH_PATHS = (
					"$(inherited)",
					"@executable_path/Frameworks",
				);
				MARKETING_VERSION = 1.0;
				PRODUCT_BUNDLE_IDENTIFIER = AceEzra.WeatherFetch;
				PRODUCT_NAME = "$(TARGET_NAME)";
				SWIFT_EMIT_LOC_STRINGS = YES;
				SWIFT_VERSION = 5.0;
				TARGETED_DEVICE_FAMILY = "1,2";
			};
			name = Release;
		};
		13B8D3192CD1F766006FD271 /* Debug */ = {
			isa = XCBuildConfiguration;
			buildSettings = {
				ALWAYS_EMBED_SWIFT_STANDARD_LIBRARIES = YES;
				BUNDLE_LOADER = "$(TEST_HOST)";
				CODE_SIGN_STYLE = Automatic;
				CURRENT_PROJECT_VERSION = 1;
				DEVELOPMENT_TEAM = T94Y3NV5X8;
				GENERATE_INFOPLIST_FILE = YES;
				IPHONEOS_DEPLOYMENT_TARGET = 16.2;
				MARKETING_VERSION = 1.0;
				PRODUCT_BUNDLE_IDENTIFIER = AceEzra.WeatherFetchTests;
				PRODUCT_NAME = "$(TARGET_NAME)";
				SWIFT_EMIT_LOC_STRINGS = NO;
				SWIFT_VERSION = 5.0;
				TARGETED_DEVICE_FAMILY = "1,2";
				TEST_HOST = "$(BUILT_PRODUCTS_DIR)/WeatherFetch.app/$(BUNDLE_EXECUTABLE_FOLDER_PATH)/WeatherFetch";
			};
			name = Debug;
		};
		13B8D31A2CD1F766006FD271 /* Release */ = {
			isa = XCBuildConfiguration;
			buildSettings = {
				ALWAYS_EMBED_SWIFT_STANDARD_LIBRARIES = YES;
				BUNDLE_LOADER = "$(TEST_HOST)";
				CODE_SIGN_STYLE = Automatic;
				CURRENT_PROJECT_VERSION = 1;
				DEVELOPMENT_TEAM = T94Y3NV5X8;
				GENERATE_INFOPLIST_FILE = YES;
				IPHONEOS_DEPLOYMENT_TARGET = 16.2;
				MARKETING_VERSION = 1.0;
				PRODUCT_BUNDLE_IDENTIFIER = AceEzra.WeatherFetchTests;
				PRODUCT_NAME = "$(TARGET_NAME)";
				SWIFT_EMIT_LOC_STRINGS = NO;
				SWIFT_VERSION = 5.0;
				TARGETED_DEVICE_FAMILY = "1,2";
				TEST_HOST = "$(BUILT_PRODUCTS_DIR)/WeatherFetch.app/$(BUNDLE_EXECUTABLE_FOLDER_PATH)/WeatherFetch";
			};
			name = Release;
		};
		13B8D31C2CD1F766006FD271 /* Debug */ = {
			isa = XCBuildConfiguration;
			buildSettings = {
				ALWAYS_EMBED_SWIFT_STANDARD_LIBRARIES = YES;
				CODE_SIGN_STYLE = Automatic;
				CURRENT_PROJECT_VERSION = 1;
				DEVELOPMENT_TEAM = T94Y3NV5X8;
				GENERATE_INFOPLIST_FILE = YES;
				MARKETING_VERSION = 1.0;
				PRODUCT_BUNDLE_IDENTIFIER = AceEzra.WeatherFetchUITests;
				PRODUCT_NAME = "$(TARGET_NAME)";
				SWIFT_EMIT_LOC_STRINGS = NO;
				SWIFT_VERSION = 5.0;
				TARGETED_DEVICE_FAMILY = "1,2";
				TEST_TARGET_NAME = WeatherFetch;
			};
			name = Debug;
		};
		13B8D31D2CD1F766006FD271 /* Release */ = {
			isa = XCBuildConfiguration;
			buildSettings = {
				ALWAYS_EMBED_SWIFT_STANDARD_LIBRARIES = YES;
				CODE_SIGN_STYLE = Automatic;
				CURRENT_PROJECT_VERSION = 1;
				DEVELOPMENT_TEAM = T94Y3NV5X8;
				GENERATE_INFOPLIST_FILE = YES;
				MARKETING_VERSION = 1.0;
				PRODUCT_BUNDLE_IDENTIFIER = AceEzra.WeatherFetchUITests;
				PRODUCT_NAME = "$(TARGET_NAME)";
				SWIFT_EMIT_LOC_STRINGS = NO;
				SWIFT_VERSION = 5.0;
				TARGETED_DEVICE_FAMILY = "1,2";
				TEST_TARGET_NAME = WeatherFetch;
			};
			name = Release;
		};
/* End XCBuildConfiguration section */

/* Begin XCConfigurationList section */
		13B8D2EC2CD1F765006FD271 /* Build configuration list for PBXProject "WeatherFetch" */ = {
			isa = XCConfigurationList;
			buildConfigurations = (
				13B8D3132CD1F766006FD271 /* Debug */,
				13B8D3142CD1F766006FD271 /* Release */,
			);
			defaultConfigurationIsVisible = 0;
			defaultConfigurationName = Release;
		};
		13B8D3152CD1F766006FD271 /* Build configuration list for PBXNativeTarget "WeatherFetch" */ = {
			isa = XCConfigurationList;
			buildConfigurations = (
				13B8D3162CD1F766006FD271 /* Debug */,
				13B8D3172CD1F766006FD271 /* Release */,
			);
			defaultConfigurationIsVisible = 0;
			defaultConfigurationName = Release;
		};
		13B8D3182CD1F766006FD271 /* Build configuration list for PBXNativeTarget "WeatherFetchTests" */ = {
			isa = XCConfigurationList;
			buildConfigurations = (
				13B8D3192CD1F766006FD271 /* Debug */,
				13B8D31A2CD1F766006FD271 /* Release */,
			);
			defaultConfigurationIsVisible = 0;
			defaultConfigurationName = Release;
		};
		13B8D31B2CD1F766006FD271 /* Build configuration list for PBXNativeTarget "WeatherFetchUITests" */ = {
			isa = XCConfigurationList;
			buildConfigurations = (
				13B8D31C2CD1F766006FD271 /* Debug */,
				13B8D31D2CD1F766006FD271 /* Release */,
			);
			defaultConfigurationIsVisible = 0;
			defaultConfigurationName = Release;
		};
/* End XCConfigurationList section */
	};
	rootObject = 13B8D2E92CD1F765006FD271 /* Project object */;
}
